
Microsoft Visual Studio Solution File, Format Version 12.00
Project("{FAE04EC0-301F-11D3-BF4B-00C04F79EFBC}") = "FactoryMethod", "FactoryMethod\FactoryMethod.csproj", "{77B58E8D-71DC-4354-9D16-6E52703B4663}"
EndProject
Project("{FAE04EC0-301F-11D3-BF4B-00C04F79EFBC}") = "Decorator", "Decorator\Decorator.csproj", "{D685189E-CBDA-4BBD-BC23-55940A956D67}"
EndProject
Project("{FAE04EC0-301F-11D3-BF4B-00C04F79EFBC}") = "Flyweight", "Flyweight\Flyweight.csproj", "{10C8AF84-2875-4D9F-A8B3-8B50AA3F5049}"
EndProject
Project("{FAE04EC0-301F-11D3-BF4B-00C04F79EFBC}") = "Command", "Command\Command.csproj", "{BCF216A9-4D42-4D9E-BFEF-9E294633C124}"
EndProject
Project("{FAE04EC0-301F-11D3-BF4B-00C04F79EFBC}") = "State", "State\State.csproj", "{3E9B2795-37CF-4F50-8C7D-8AB320406EA4}"
EndProject
Global
	GlobalSection(SolutionConfigurationPlatforms) = preSolution
		Debug|Any CPU = Debug|Any CPU
		Release|Any CPU = Release|Any CPU
	EndGlobalSection
	GlobalSection(ProjectConfigurationPlatforms) = postSolution
		{77B58E8D-71DC-4354-9D16-6E52703B4663}.Debug|Any CPU.ActiveCfg = Debug|Any CPU
		{77B58E8D-71DC-4354-9D16-6E52703B4663}.Debug|Any CPU.Build.0 = Debug|Any CPU
		{77B58E8D-71DC-4354-9D16-6E52703B4663}.Release|Any CPU.ActiveCfg = Release|Any CPU
		{77B58E8D-71DC-4354-9D16-6E52703B4663}.Release|Any CPU.Build.0 = Release|Any CPU
		{D685189E-CBDA-4BBD-BC23-55940A956D67}.Debug|Any CPU.ActiveCfg = Debug|Any CPU
		{D685189E-CBDA-4BBD-BC23-55940A956D67}.Debug|Any CPU.Build.0 = Debug|Any CPU
		{D685189E-CBDA-4BBD-BC23-55940A956D67}.Release|Any CPU.ActiveCfg = Release|Any CPU
		{D685189E-CBDA-4BBD-BC23-55940A956D67}.Release|Any CPU.Build.0 = Release|Any CPU
		{10C8AF84-2875-4D9F-A8B3-8B50AA3F5049}.Debug|Any CPU.ActiveCfg = Debug|Any CPU
		{10C8AF84-2875-4D9F-A8B3-8B50AA3F5049}.Debug|Any CPU.Build.0 = Debug|Any CPU
		{10C8AF84-2875-4D9F-A8B3-8B50AA3F5049}.Release|Any CPU.ActiveCfg = Release|Any CPU
		{10C8AF84-2875-4D9F-A8B3-8B50AA3F5049}.Release|Any CPU.Build.0 = Release|Any CPU
		{BCF216A9-4D42-4D9E-BFEF-9E294633C124}.Debug|Any CPU.ActiveCfg = Debug|Any CPU
		{BCF216A9-4D42-4D9E-BFEF-9E294633C124}.Debug|Any CPU.Build.0 = Debug|Any CPU
		{BCF216A9-4D42-4D9E-BFEF-9E294633C124}.Release|Any CPU.ActiveCfg = Release|Any CPU
		{BCF216A9-4D42-4D9E-BFEF-9E294633C124}.Release|Any CPU.Build.0 = Release|Any CPU
		{3E9B2795-37CF-4F50-8C7D-8AB320406EA4}.Debug|Any CPU.ActiveCfg = Debug|Any CPU
		{3E9B2795-37CF-4F50-8C7D-8AB320406EA4}.Debug|Any CPU.Build.0 = Debug|Any CPU
		{3E9B2795-37CF-4F50-8C7D-8AB320406EA4}.Release|Any CPU.ActiveCfg = Release|Any CPU
		{3E9B2795-37CF-4F50-8C7D-8AB320406EA4}.Release|Any CPU.Build.0 = Release|Any CPU
	EndGlobalSection
EndGlobal
