
Microsoft Visual Studio Solution File, Format Version 12.00
Project("{FAE04EC0-301F-11D3-BF4B-00C04F79EFBC}") = "FactoryMethod", "FactoryMethod\FactoryMethod.csproj", "{77B58E8D-71DC-4354-9D16-6E52703B4663}"
EndProject
Project("{FAE04EC0-301F-11D3-BF4B-00C04F79EFBC}") = "Decorator", "Decorator\Decorator.csproj", "{D685189E-CBDA-4BBD-BC23-55940A956D67}"
EndProject
Global
	GlobalSection(SolutionConfigurationPlatforms) = preSolution
		Debug|Any CPU = Debug|Any CPU
		Release|Any CPU = Release|Any CPU
	EndGlobalSection
	GlobalSection(ProjectConfigurationPlatforms) = postSolution
		{77B58E8D-71DC-4354-9D16-6E52703B4663}.Debug|Any CPU.ActiveCfg = Debug|Any CPU
		{77B58E8D-71DC-4354-9D16-6E52703B4663}.Debug|Any CPU.Build.0 = Debug|Any CPU
		{77B58E8D-71DC-4354-9D16-6E52703B4663}.Release|Any CPU.ActiveCfg = Release|Any CPU
		{77B58E8D-71DC-4354-9D16-6E52703B4663}.Release|Any CPU.Build.0 = Release|Any CPU
		{D685189E-CBDA-4BBD-BC23-55940A956D67}.Debug|Any CPU.ActiveCfg = Debug|Any CPU
		{D685189E-CBDA-4BBD-BC23-55940A956D67}.Debug|Any CPU.Build.0 = Debug|Any CPU
		{D685189E-CBDA-4BBD-BC23-55940A956D67}.Release|Any CPU.ActiveCfg = Release|Any CPU
		{D685189E-CBDA-4BBD-BC23-55940A956D67}.Release|Any CPU.Build.0 = Release|Any CPU
	EndGlobalSection
EndGlobal
